
Microsoft Visual Studio Solution File, Format Version 12.00
# Visual Studio 15
VisualStudioVersion = 15.0.27703.2042
MinimumVisualStudioVersion = 10.0.40219.1
Project("{9A19103F-16F7-4668-BE54-9A1E7A4F7556}") = "TestAutomation.Tests", "TestAutomation.UnitTests\TestAutomation.Tests.csproj", "{D7F14E7E-FA10-464A-A08A-78819402B8F0}"
EndProject
Project("{9A19103F-16F7-4668-BE54-9A1E7A4F7556}") = "TestAutomation.Domain", "TestAutomation.Domain\TestAutomation.Domain.csproj", "{DDDBF38F-257C-45A4-A606-8EB0F5BB674E}"
EndProject
Project("{9A19103F-16F7-4668-BE54-9A1E7A4F7556}") = "TestAutomation.Infrastructure", "TestAutomation.Infrastructure\TestAutomation.Infrastructure.csproj", "{89FC027E-0A25-4CEE-8CA8-FF2E2612106F}"
EndProject
Global
	GlobalSection(SolutionConfigurationPlatforms) = preSolution
		Debug|Any CPU = Debug|Any CPU
		Release|Any CPU = Release|Any CPU
	EndGlobalSection
	GlobalSection(ProjectConfigurationPlatforms) = postSolution
		{D7F14E7E-FA10-464A-A08A-78819402B8F0}.Debug|Any CPU.ActiveCfg = Debug|Any CPU
		{D7F14E7E-FA10-464A-A08A-78819402B8F0}.Debug|Any CPU.Build.0 = Debug|Any CPU
		{D7F14E7E-FA10-464A-A08A-78819402B8F0}.Release|Any CPU.ActiveCfg = Release|Any CPU
		{D7F14E7E-FA10-464A-A08A-78819402B8F0}.Release|Any CPU.Build.0 = Release|Any CPU
		{DDDBF38F-257C-45A4-A606-8EB0F5BB674E}.Debug|Any CPU.ActiveCfg = Debug|Any CPU
		{DDDBF38F-257C-45A4-A606-8EB0F5BB674E}.Debug|Any CPU.Build.0 = Debug|Any CPU
		{DDDBF38F-257C-45A4-A606-8EB0F5BB674E}.Release|Any CPU.ActiveCfg = Release|Any CPU
		{DDDBF38F-257C-45A4-A606-8EB0F5BB674E}.Release|Any CPU.Build.0 = Release|Any CPU
		{89FC027E-0A25-4CEE-8CA8-FF2E2612106F}.Debug|Any CPU.ActiveCfg = Debug|Any CPU
		{89FC027E-0A25-4CEE-8CA8-FF2E2612106F}.Debug|Any CPU.Build.0 = Debug|Any CPU
		{89FC027E-0A25-4CEE-8CA8-FF2E2612106F}.Release|Any CPU.ActiveCfg = Release|Any CPU
		{89FC027E-0A25-4CEE-8CA8-FF2E2612106F}.Release|Any CPU.Build.0 = Release|Any CPU
	EndGlobalSection
	GlobalSection(SolutionProperties) = preSolution
		HideSolutionNode = FALSE
	EndGlobalSection
	GlobalSection(ExtensibilityGlobals) = postSolution
		SolutionGuid = {F079E786-90D5-4C12-BD0B-4E4C5A8A035B}
	EndGlobalSection
EndGlobal
